{
  "name": "tme",
  "lockfileVersion": 3,
  "requires": true,
  "packages": {
    "": {
      "name": "tme",
      "workspaces": [
        "src/admin/services/*",
        "src/admin/apps/*",
        "src/application/services/*",
        "src/application/apps/*",
        "src/shared/*"
      ]
    },
    "node_modules/@tme/shared-shared_utils": {
      "resolved": "src/shared/shared_utils",
      "link": true
    },
    "src/admin/apps/api-gateway": {
      "name": "@tme/admin-api-gateway",
      "version": "1.0.0",
      "extraneous": true,
      "license": "MIT",
      "devDependencies": {
        "@types/node": "^25.2.3",
        "ts-node": "^10.9.2",
        "typescript": "^5.9.3"
      }
    },
    "src/admin/services/tenancy": {
      "name": "@tme/admin-tenancy",
      "version": "1.0.0",
      "extraneous": true,
      "license": "MIT",
      "devDependencies": {
        "@types/node": "^25.2.3",
        "ts-node": "^10.9.2",
        "typescript": "^5.9.3"
      }
    },
    "src/shared/shared_utils": {
      "name": "@tme/shared-shared_utils",
      "version": "1.0.0",
      "license": "MIT"
    }
  }
}
